# THIS IS AN AUTOGENERATED FILE. DO NOT EDIT THIS FILE DIRECTLY.
# yarn lockfile v1


pixl-class@^1.0.0:
  version "1.0.3"
  resolved "https://registry.yarnpkg.com/pixl-class/-/pixl-class-1.0.3.tgz#1d25d84a2db6ba86b6056b9c71bfbc19dde46c80"
  integrity sha512-YS3MS4IuBNvy1gAuMJtQiZPMdmRjK2EwqomJNUG3PJtCz5bbG5MWgY7xV780jx/2oIj/IHNYGyZmfqQRs0KTZw==

pixl-json-stream@^1.0.6:
  version "1.0.6"
  resolved "https://registry.yarnpkg.com/pixl-json-stream/-/pixl-json-stream-1.0.6.tgz#fde133acec704c01ec7fd1f3712fa9bc1ee65b45"
  integrity sha512-G4mcIWyKdovBQpChsw307crSnucbUGDQ1s9RgSODy+foDdIcvs19ezMbTkoHHoJNSeR4DPFbJ0kZGhFdPElbxg==
  dependencies:
    pixl-class "^1.0.0"
