# THIS IS AN AUTOGENERATED FILE. DO NOT EDIT THIS FILE DIRECTLY.
# yarn lockfile v1


pixl-class@^1.0.0:
  version "1.0.2"
  resolved "https://registry.yarnpkg.com/pixl-class/-/pixl-class-1.0.2.tgz#bbeabcf2a9e3a8aa7de52358ab52df12d3e24dfd"
  integrity sha1-u+q88qnjqKp95SNYq1LfEtPiTf0=

pixl-json-stream@^1.0.6:
  version "1.0.6"
  resolved "https://registry.yarnpkg.com/pixl-json-stream/-/pixl-json-stream-1.0.6.tgz#fde133acec704c01ec7fd1f3712fa9bc1ee65b45"
  integrity sha512-G4mcIWyKdovBQpChsw307crSnucbUGDQ1s9RgSODy+foDdIcvs19ezMbTkoHHoJNSeR4DPFbJ0kZGhFdPElbxg==
  dependencies:
    pixl-class "^1.0.0"
